PODS:
  - Flutter (1.0.0)
  - flutter_igolf_viewer (0.0.1):
    - Flutter
  - integration_test (0.0.1):
    - Flutter

DEPENDENCIES:
  - Flutter (from `Flutter`)
  - flutter_igolf_viewer (from `.symlinks/plugins/flutter_igolf_viewer/ios`)
  - integration_test (from `.symlinks/plugins/integration_test/ios`)

EXTERNAL SOURCES:
  Flutter:
    :path: Flutter
  flutter_igolf_viewer:
    :path: ".symlinks/plugins/flutter_igolf_viewer/ios"
  integration_test:
    :path: ".symlinks/plugins/integration_test/ios"

SPEC CHECKSUMS:
  Flutter: cabc95a1d2626b1b06e7179b784ebcf0c0cde467
  flutter_igolf_viewer: 3bbd5d24ccf5d52145fc76412629e4fa8730e4a2
  integration_test: 252f60fa39af5e17c3aa9899d35d908a0721b573

PODFILE CHECKSUM: 4f1c12611da7338d21589c0b2ecd6bd20b109694

COCOAPODS: 1.16.2
